# THIS IS AN AUTOGENERATED FILE. DO NOT EDIT THIS FILE DIRECTLY.
# yarn lockfile v1


oauth@0.9.x:
  version "0.9.15"
  resolved "https://registry.yarnpkg.com/oauth/-/oauth-0.9.15.tgz#bd1fefaf686c96b75475aed5196412ff60cfb9c1"

passport-oauth1@1.x.x:
  version "1.1.0"
  resolved "https://registry.yarnpkg.com/passport-oauth1/-/passport-oauth1-1.1.0.tgz#a7de988a211f9cf4687377130ea74df32730c918"
  dependencies:
    oauth "0.9.x"
    passport-strategy "1.x.x"
    utils-merge "1.x.x"

passport-strategy@1.x.x:
  version "1.0.0"
  resolved "https://registry.yarnpkg.com/passport-strategy/-/passport-strategy-1.0.0.tgz#b5539aa8fc225a3d1ad179476ddf236b440f52e4"

passport-twitter@^1.0.4:
  version "1.0.4"
  resolved "https://registry.yarnpkg.com/passport-twitter/-/passport-twitter-1.0.4.tgz#01a799e1f760bf2de49f2ba5fba32282f18932d7"
  integrity sha1-AaeZ4fdgvy3knyul+6MigvGJMtc=
  dependencies:
    passport-oauth1 "1.x.x"
    xtraverse "0.1.x"

utils-merge@1.x.x:
  version "1.0.1"
  resolved "https://registry.yarnpkg.com/utils-merge/-/utils-merge-1.0.1.tgz#9f95710f50a267947b2ccc124741c1028427e713"

xmldom@0.1.x:
  version "0.1.27"
  resolved "https://registry.yarnpkg.com/xmldom/-/xmldom-0.1.27.tgz#d501f97b3bdb403af8ef9ecc20573187aadac0e9"

xtraverse@0.1.x:
  version "0.1.0"
  resolved "https://registry.yarnpkg.com/xtraverse/-/xtraverse-0.1.0.tgz#b741bad018ef78d8a9d2e83ade007b3f7959c732"
  dependencies:
    xmldom "0.1.x"
